
Microsoft Visual Studio Solution File, Format Version 12.00
# Visual Studio Version 17
VisualStudioVersion = 17.4.33020.496
MinimumVisualStudioVersion = 10.0.40219.1
Project("{9A19103F-16F7-4668-BE54-9A1E7A4F7556}") = "Graduation.Project.Api", "GP1\Graduation.Project.Api.csproj", "{B940F22D-A1FA-4FEF-9461-91585F0FD13E}"
EndProject
Project("{FAE04EC0-301F-11D3-BF4B-00C04F79EFBC}") = "Graduation.Project.UI", "WebApplication1\Graduation.Project.UI.csproj", "{41D63275-6B59-44C9-A180-A73D4CEF6D24}"
EndProject
Global
	GlobalSection(SolutionConfigurationPlatforms) = preSolution
		Debug|Any CPU = Debug|Any CPU
		Release|Any CPU = Release|Any CPU
	EndGlobalSection
	GlobalSection(ProjectConfigurationPlatforms) = postSolution
		{B940F22D-A1FA-4FEF-9461-91585F0FD13E}.Debug|Any CPU.ActiveCfg = Debug|Any CPU
		{B940F22D-A1FA-4FEF-9461-91585F0FD13E}.Debug|Any CPU.Build.0 = Debug|Any CPU
		{B940F22D-A1FA-4FEF-9461-91585F0FD13E}.Release|Any CPU.ActiveCfg = Release|Any CPU
		{B940F22D-A1FA-4FEF-9461-91585F0FD13E}.Release|Any CPU.Build.0 = Release|Any CPU
		{41D63275-6B59-44C9-A180-A73D4CEF6D24}.Debug|Any CPU.ActiveCfg = Debug|Any CPU
		{41D63275-6B59-44C9-A180-A73D4CEF6D24}.Debug|Any CPU.Build.0 = Debug|Any CPU
		{41D63275-6B59-44C9-A180-A73D4CEF6D24}.Release|Any CPU.ActiveCfg = Release|Any CPU
		{41D63275-6B59-44C9-A180-A73D4CEF6D24}.Release|Any CPU.Build.0 = Release|Any CPU
	EndGlobalSection
	GlobalSection(SolutionProperties) = preSolution
		HideSolutionNode = FALSE
	EndGlobalSection
	GlobalSection(ExtensibilityGlobals) = postSolution
		SolutionGuid = {68140BFD-D823-426B-93C7-A7B1F7626371}
	EndGlobalSection
EndGlobal
